[[package]]
name = "atomicwrites"
version = "1.4.0"
description = "Atomic file writes."
category = "dev"
optional = false
python-versions = ">=2.7, !=3.0.*, !=3.1.*, !=3.2.*, !=3.3.*"

[[package]]
name = "attrs"
version = "21.2.0"
description = "Classes Without Boilerplate"
category = "dev"
optional = false
python-versions = ">=2.7, !=3.0.*, !=3.1.*, !=3.2.*, !=3.3.*, !=3.4.*"

[package.extras]
dev = ["coverage[toml] (>=5.0.2)", "hypothesis", "pympler", "pytest (>=4.3.0)", "six", "mypy", "pytest-mypy-plugins", "zope.interface", "furo", "sphinx", "sphinx-notfound-page", "pre-commit"]
docs = ["furo", "sphinx", "zope.interface", "sphinx-notfound-page"]
tests = ["coverage[toml] (>=5.0.2)", "hypothesis", "pympler", "pytest (>=4.3.0)", "six", "mypy", "pytest-mypy-plugins", "zope.interface"]
tests_no_zope = ["coverage[toml] (>=5.0.2)", "hypothesis", "pympler", "pytest (>=4.3.0)", "six", "mypy", "pytest-mypy-plugins"]

[[package]]
name = "black"
version = "21.12b0"
description = "The uncompromising code formatter."
category = "dev"
optional = false
python-versions = ">=3.6.2"

[package.dependencies]
click = ">=7.1.2"
mypy-extensions = ">=0.4.3"
pathspec = ">=0.9.0,<1"
platformdirs = ">=2"
tomli = ">=0.2.6,<2.0.0"
typing-extensions = [
    {version = ">=3.10.0.0", markers = "python_version < \"3.10\""},
    {version = "!=3.10.0.1", markers = "python_version >= \"3.10\""},
]

[package.extras]
colorama = ["colorama (>=0.4.3)"]
d = ["aiohttp (>=3.7.4)"]
jupyter = ["ipython (>=7.8.0)", "tokenize-rt (>=3.2.0)"]
python2 = ["typed-ast (>=1.4.3)"]
uvloop = ["uvloop (>=0.15.2)"]

[[package]]
name = "boto3"
version = "1.11.7"
description = "The AWS SDK for Python"
category = "main"
optional = false
python-versions = "*"

[package.dependencies]
botocore = ">=1.14.7,<1.15.0"
jmespath = ">=0.7.1,<1.0.0"
s3transfer = ">=0.3.0,<0.4.0"

[[package]]
name = "boto3-stubs"
version = "1.14.60.0"
description = "Type annotations for boto3 1.14.60, generated by mypy-boto3-buider 3.1.0"
category = "main"
optional = false
python-versions = ">=3.6"

[package.dependencies]
mypy-boto3-iam = {version = "1.14.60.0", optional = true, markers = "extra == \"iam\""}
mypy-boto3-organizations = {version = "1.14.60.0", optional = true, markers = "extra == \"organizations\""}

[package.extras]
accessanalyzer = ["mypy-boto3-accessanalyzer (==1.14.60.0)"]
acm = ["mypy-boto3-acm (==1.14.60.0)"]
acm-pca = ["mypy-boto3-acm-pca (==1.14.60.0)"]
alexaforbusiness = ["mypy-boto3-alexaforbusiness (==1.14.60.0)"]
all = ["mypy-boto3-accessanalyzer (==1.14.60.0)", "mypy-boto3-acm (==1.14.60.0)", "mypy-boto3-acm-pca (==1.14.60.0)", "mypy-boto3-alexaforbusiness (==1.14.60.0)", "mypy-boto3-amplify (==1.14.60.0)", "mypy-boto3-apigateway (==1.14.60.0)", "mypy-boto3-apigatewaymanagementapi (==1.14.60.0)", "mypy-boto3-apigatewayv2 (==1.14.60.0)", "mypy-boto3-appconfig (==1.14.60.0)", "mypy-boto3-appflow (==1.14.60.0)", "mypy-boto3-application-autoscaling (==1.14.60.0)", "mypy-boto3-application-insights (==1.14.60.0)", "mypy-boto3-appmesh (==1.14.60.0)", "mypy-boto3-appstream (==1.14.60.0)", "mypy-boto3-appsync (==1.14.60.0)", "mypy-boto3-athena (==1.14.60.0)", "mypy-boto3-autoscaling (==1.14.60.0)", "mypy-boto3-autoscaling-plans (==1.14.60.0)", "mypy-boto3-backup (==1.14.60.0)", "mypy-boto3-batch (==1.14.60.0)", "mypy-boto3-braket (==1.14.60.0)", "mypy-boto3-budgets (==1.14.60.0)", "mypy-boto3-ce (==1.14.60.0)", "mypy-boto3-chime (==1.14.60.0)", "mypy-boto3-cloud9 (==1.14.60.0)", "mypy-boto3-clouddirectory (==1.14.60.0)", "mypy-boto3-cloudformation (==1.14.60.0)", "mypy-boto3-cloudfront (==1.14.60.0)", "mypy-boto3-cloudhsm (==1.14.60.0)", "mypy-boto3-cloudhsmv2 (==1.14.60.0)", "mypy-boto3-cloudsearch (==1.14.60.0)", "mypy-boto3-cloudsearchdomain (==1.14.60.0)", "mypy-boto3-cloudtrail (==1.14.60.0)", "mypy-boto3-cloudwatch (==1.14.60.0)", "mypy-boto3-codeartifact (==1.14.60.0)", "mypy-boto3-codebuild (==1.14.60.0)", "mypy-boto3-codecommit (==1.14.60.0)", "mypy-boto3-codedeploy (==1.14.60.0)", "mypy-boto3-codeguru-reviewer (==1.14.60.0)", "mypy-boto3-codeguruprofiler (==1.14.60.0)", "mypy-boto3-codepipeline (==1.14.60.0)", "mypy-boto3-codestar (==1.14.60.0)", "mypy-boto3-codestar-connections (==1.14.60.0)", "mypy-boto3-codestar-notifications (==1.14.60.0)", "mypy-boto3-cognito-identity (==1.14.60.0)", "mypy-boto3-cognito-idp (==1.14.60.0)", "mypy-boto3-cognito-sync (==1.14.60.0)", "mypy-boto3-comprehend (==1.14.60.0)", "mypy-boto3-comprehendmedical (==1.14.60.0)", "mypy-boto3-compute-optimizer (==1.14.60.0)", "mypy-boto3-config (==1.14.60.0)", "mypy-boto3-connect (==1.14.60.0)", "mypy-boto3-connectparticipant (==1.14.60.0)", "mypy-boto3-cur (==1.14.60.0)", "mypy-boto3-dataexchange (==1.14.60.0)", "mypy-boto3-datapipeline (==1.14.60.0)", "mypy-boto3-datasync (==1.14.60.0)", "mypy-boto3-dax (==1.14.60.0)", "mypy-boto3-detective (==1.14.60.0)", "mypy-boto3-devicefarm (==1.14.60.0)", "mypy-boto3-directconnect (==1.14.60.0)", "mypy-boto3-discovery (==1.14.60.0)", "mypy-boto3-dlm (==1.14.60.0)", "mypy-boto3-dms (==1.14.60.0)", "mypy-boto3-docdb (==1.14.60.0)", "mypy-boto3-ds (==1.14.60.0)", "mypy-boto3-dynamodb (==1.14.60.0)", "mypy-boto3-dynamodbstreams (==1.14.60.0)", "mypy-boto3-ebs (==1.14.60.0)", "mypy-boto3-ec2 (==1.14.60.0)", "mypy-boto3-ec2-instance-connect (==1.14.60.0)", "mypy-boto3-ecr (==1.14.60.0)", "mypy-boto3-ecs (==1.14.60.0)", "mypy-boto3-efs (==1.14.60.0)", "mypy-boto3-eks (==1.14.60.0)", "mypy-boto3-elastic-inference (==1.14.60.0)", "mypy-boto3-elasticache (==1.14.60.0)", "mypy-boto3-elasticbeanstalk (==1.14.60.0)", "mypy-boto3-elastictranscoder (==1.14.60.0)", "mypy-boto3-elb (==1.14.60.0)", "mypy-boto3-elbv2 (==1.14.60.0)", "mypy-boto3-emr (==1.14.60.0)", "mypy-boto3-es (==1.14.60.0)", "mypy-boto3-events (==1.14.60.0)", "mypy-boto3-firehose (==1.14.60.0)", "mypy-boto3-fms (==1.14.60.0)", "mypy-boto3-forecast (==1.14.60.0)", "mypy-boto3-forecastquery (==1.14.60.0)", "mypy-boto3-frauddetector (==1.14.60.0)", "mypy-boto3-fsx (==1.14.60.0)", "mypy-boto3-gamelift (==1.14.60.0)", "mypy-boto3-glacier (==1.14.60.0)", "mypy-boto3-globalaccelerator (==1.14.60.0)", "mypy-boto3-glue (==1.14.60.0)", "mypy-boto3-greengrass (==1.14.60.0)", "mypy-boto3-groundstation (==1.14.60.0)", "mypy-boto3-guardduty (==1.14.60.0)", "mypy-boto3-health (==1.14.60.0)", "mypy-boto3-honeycode (==1.14.60.0)", "mypy-boto3-iam (==1.14.60.0)", "mypy-boto3-identitystore (==1.14.60.0)", "mypy-boto3-imagebuilder (==1.14.60.0)", "mypy-boto3-importexport (==1.14.60.0)", "mypy-boto3-inspector (==1.14.60.0)", "mypy-boto3-iot (==1.14.60.0)", "mypy-boto3-iot-data (==1.14.60.0)", "mypy-boto3-iot-jobs-data (==1.14.60.0)", "mypy-boto3-iot1click-devices (==1.14.60.0)", "mypy-boto3-iot1click-projects (==1.14.60.0)", "mypy-boto3-iotanalytics (==1.14.60.0)", "mypy-boto3-iotevents (==1.14.60.0)", "mypy-boto3-iotevents-data (==1.14.60.0)", "mypy-boto3-iotsecuretunneling (==1.14.60.0)", "mypy-boto3-iotsitewise (==1.14.60.0)", "mypy-boto3-iotthingsgraph (==1.14.60.0)", "mypy-boto3-ivs (==1.14.60.0)", "mypy-boto3-kafka (==1.14.60.0)", "mypy-boto3-kendra (==1.14.60.0)", "mypy-boto3-kinesis (==1.14.60.0)", "mypy-boto3-kinesis-video-archived-media (==1.14.60.0)", "mypy-boto3-kinesis-video-media (==1.14.60.0)", "mypy-boto3-kinesis-video-signaling (==1.14.60.0)", "mypy-boto3-kinesisanalytics (==1.14.60.0)", "mypy-boto3-kinesisanalyticsv2 (==1.14.60.0)", "mypy-boto3-kinesisvideo (==1.14.60.0)", "mypy-boto3-kms (==1.14.60.0)", "mypy-boto3-lakeformation (==1.14.60.0)", "mypy-boto3-lambda (==1.14.60.0)", "mypy-boto3-lex-models (==1.14.60.0)", "mypy-boto3-lex-runtime (==1.14.60.0)", "mypy-boto3-license-manager (==1.14.60.0)", "mypy-boto3-lightsail (==1.14.60.0)", "mypy-boto3-logs (==1.14.60.0)", "mypy-boto3-machinelearning (==1.14.60.0)", "mypy-boto3-macie (==1.14.60.0)", "mypy-boto3-macie2 (==1.14.60.0)", "mypy-boto3-managedblockchain (==1.14.60.0)", "mypy-boto3-marketplace-catalog (==1.14.60.0)", "mypy-boto3-marketplace-entitlement (==1.14.60.0)", "mypy-boto3-marketplacecommerceanalytics (==1.14.60.0)", "mypy-boto3-mediaconnect (==1.14.60.0)", "mypy-boto3-mediaconvert (==1.14.60.0)", "mypy-boto3-medialive (==1.14.60.0)", "mypy-boto3-mediapackage (==1.14.60.0)", "mypy-boto3-mediapackage-vod (==1.14.60.0)", "mypy-boto3-mediastore (==1.14.60.0)", "mypy-boto3-mediastore-data (==1.14.60.0)", "mypy-boto3-mediatailor (==1.14.60.0)", "mypy-boto3-meteringmarketplace (==1.14.60.0)", "mypy-boto3-mgh (==1.14.60.0)", "mypy-boto3-migrationhub-config (==1.14.60.0)", "mypy-boto3-mobile (==1.14.60.0)", "mypy-boto3-mq (==1.14.60.0)", "mypy-boto3-mturk (==1.14.60.0)", "mypy-boto3-neptune (==1.14.60.0)", "mypy-boto3-networkmanager (==1.14.60.0)", "mypy-boto3-opsworks (==1.14.60.0)", "mypy-boto3-opsworkscm (==1.14.60.0)", "mypy-boto3-organizations (==1.14.60.0)", "mypy-boto3-outposts (==1.14.60.0)", "mypy-boto3-personalize (==1.14.60.0)", "mypy-boto3-personalize-events (==1.14.60.0)", "mypy-boto3-personalize-runtime (==1.14.60.0)", "mypy-boto3-pi (==1.14.60.0)", "mypy-boto3-pinpoint (==1.14.60.0)", "mypy-boto3-pinpoint-email (==1.14.60.0)", "mypy-boto3-pinpoint-sms-voice (==1.14.60.0)", "mypy-boto3-polly (==1.14.60.0)", "mypy-boto3-pricing (==1.14.60.0)", "mypy-boto3-qldb (==1.14.60.0)", "mypy-boto3-qldb-session (==1.14.60.0)", "mypy-boto3-quicksight (==1.14.60.0)", "mypy-boto3-ram (==1.14.60.0)", "mypy-boto3-rds (==1.14.60.0)", "mypy-boto3-rds-data (==1.14.60.0)", "mypy-boto3-redshift (==1.14.60.0)", "mypy-boto3-redshift-data (==1.14.60.0)", "mypy-boto3-rekognition (==1.14.60.0)", "mypy-boto3-resource-groups (==1.14.60.0)", "mypy-boto3-resourcegroupstaggingapi (==1.14.60.0)", "mypy-boto3-robomaker (==1.14.60.0)", "mypy-boto3-route53 (==1.14.60.0)", "mypy-boto3-route53domains (==1.14.60.0)", "mypy-boto3-route53resolver (==1.14.60.0)", "mypy-boto3-s3 (==1.14.60.0)", "mypy-boto3-s3control (==1.14.60.0)", "mypy-boto3-sagemaker (==1.14.60.0)", "mypy-boto3-sagemaker-a2i-runtime (==1.14.60.0)", "mypy-boto3-sagemaker-runtime (==1.14.60.0)", "mypy-boto3-savingsplans (==1.14.60.0)", "mypy-boto3-schemas (==1.14.60.0)", "mypy-boto3-sdb (==1.14.60.0)", "mypy-boto3-secretsmanager (==1.14.60.0)", "mypy-boto3-securityhub (==1.14.60.0)", "mypy-boto3-serverlessrepo (==1.14.60.0)", "mypy-boto3-service-quotas (==1.14.60.0)", "mypy-boto3-servicecatalog (==1.14.60.0)", "mypy-boto3-servicediscovery (==1.14.60.0)", "mypy-boto3-ses (==1.14.60.0)", "mypy-boto3-sesv2 (==1.14.60.0)", "mypy-boto3-shield (==1.14.60.0)", "mypy-boto3-signer (==1.14.60.0)", "mypy-boto3-sms (==1.14.60.0)", "mypy-boto3-sms-voice (==1.14.60.0)", "mypy-boto3-snowball (==1.14.60.0)", "mypy-boto3-sns (==1.14.60.0)", "mypy-boto3-sqs (==1.14.60.0)", "mypy-boto3-ssm (==1.14.60.0)", "mypy-boto3-sso (==1.14.60.0)", "mypy-boto3-sso-admin (==1.14.60.0)", "mypy-boto3-sso-oidc (==1.14.60.0)", "mypy-boto3-stepfunctions (==1.14.60.0)", "mypy-boto3-storagegateway (==1.14.60.0)", "mypy-boto3-sts (==1.14.60.0)", "mypy-boto3-support (==1.14.60.0)", "mypy-boto3-swf (==1.14.60.0)", "mypy-boto3-synthetics (==1.14.60.0)", "mypy-boto3-textract (==1.14.60.0)", "mypy-boto3-transcribe (==1.14.60.0)", "mypy-boto3-transfer (==1.14.60.0)", "mypy-boto3-translate (==1.14.60.0)", "mypy-boto3-waf (==1.14.60.0)", "mypy-boto3-waf-regional (==1.14.60.0)", "mypy-boto3-wafv2 (==1.14.60.0)", "mypy-boto3-workdocs (==1.14.60.0)", "mypy-boto3-worklink (==1.14.60.0)", "mypy-boto3-workmail (==1.14.60.0)", "mypy-boto3-workmailmessageflow (==1.14.60.0)", "mypy-boto3-workspaces (==1.14.60.0)", "mypy-boto3-xray (==1.14.60.0)"]
amplify = ["mypy-boto3-amplify (==1.14.60.0)"]
apigateway = ["mypy-boto3-apigateway (==1.14.60.0)"]
apigatewaymanagementapi = ["mypy-boto3-apigatewaymanagementapi (==1.14.60.0)"]
apigatewayv2 = ["mypy-boto3-apigatewayv2 (==1.14.60.0)"]
appconfig = ["mypy-boto3-appconfig (==1.14.60.0)"]
appflow = ["mypy-boto3-appflow (==1.14.60.0)"]
application-autoscaling = ["mypy-boto3-application-autoscaling (==1.14.60.0)"]
application-insights = ["mypy-boto3-application-insights (==1.14.60.0)"]
appmesh = ["mypy-boto3-appmesh (==1.14.60.0)"]
appstream = ["mypy-boto3-appstream (==1.14.60.0)"]
appsync = ["mypy-boto3-appsync (==1.14.60.0)"]
athena = ["mypy-boto3-athena (==1.14.60.0)"]
autoscaling = ["mypy-boto3-autoscaling (==1.14.60.0)"]
autoscaling-plans = ["mypy-boto3-autoscaling-plans (==1.14.60.0)"]
backup = ["mypy-boto3-backup (==1.14.60.0)"]
batch = ["mypy-boto3-batch (==1.14.60.0)"]
braket = ["mypy-boto3-braket (==1.14.60.0)"]
budgets = ["mypy-boto3-budgets (==1.14.60.0)"]
ce = ["mypy-boto3-ce (==1.14.60.0)"]
chime = ["mypy-boto3-chime (==1.14.60.0)"]
cloud9 = ["mypy-boto3-cloud9 (==1.14.60.0)"]
clouddirectory = ["mypy-boto3-clouddirectory (==1.14.60.0)"]
cloudformation = ["mypy-boto3-cloudformation (==1.14.60.0)"]
cloudfront = ["mypy-boto3-cloudfront (==1.14.60.0)"]
cloudhsm = ["mypy-boto3-cloudhsm (==1.14.60.0)"]
cloudhsmv2 = ["mypy-boto3-cloudhsmv2 (==1.14.60.0)"]
cloudsearch = ["mypy-boto3-cloudsearch (==1.14.60.0)"]
cloudsearchdomain = ["mypy-boto3-cloudsearchdomain (==1.14.60.0)"]
cloudtrail = ["mypy-boto3-cloudtrail (==1.14.60.0)"]
cloudwatch = ["mypy-boto3-cloudwatch (==1.14.60.0)"]
codeartifact = ["mypy-boto3-codeartifact (==1.14.60.0)"]
codebuild = ["mypy-boto3-codebuild (==1.14.60.0)"]
codecommit = ["mypy-boto3-codecommit (==1.14.60.0)"]
codedeploy = ["mypy-boto3-codedeploy (==1.14.60.0)"]
codeguru-reviewer = ["mypy-boto3-codeguru-reviewer (==1.14.60.0)"]
codeguruprofiler = ["mypy-boto3-codeguruprofiler (==1.14.60.0)"]
codepipeline = ["mypy-boto3-codepipeline (==1.14.60.0)"]
codestar = ["mypy-boto3-codestar (==1.14.60.0)"]
codestar-connections = ["mypy-boto3-codestar-connections (==1.14.60.0)"]
codestar-notifications = ["mypy-boto3-codestar-notifications (==1.14.60.0)"]
cognito-identity = ["mypy-boto3-cognito-identity (==1.14.60.0)"]
cognito-idp = ["mypy-boto3-cognito-idp (==1.14.60.0)"]
cognito-sync = ["mypy-boto3-cognito-sync (==1.14.60.0)"]
comprehend = ["mypy-boto3-comprehend (==1.14.60.0)"]
comprehendmedical = ["mypy-boto3-comprehendmedical (==1.14.60.0)"]
compute-optimizer = ["mypy-boto3-compute-optimizer (==1.14.60.0)"]
config = ["mypy-boto3-config (==1.14.60.0)"]
connect = ["mypy-boto3-connect (==1.14.60.0)"]
connectparticipant = ["mypy-boto3-connectparticipant (==1.14.60.0)"]
cur = ["mypy-boto3-cur (==1.14.60.0)"]
dataexchange = ["mypy-boto3-dataexchange (==1.14.60.0)"]
datapipeline = ["mypy-boto3-datapipeline (==1.14.60.0)"]
datasync = ["mypy-boto3-datasync (==1.14.60.0)"]
dax = ["mypy-boto3-dax (==1.14.60.0)"]
detective = ["mypy-boto3-detective (==1.14.60.0)"]
devicefarm = ["mypy-boto3-devicefarm (==1.14.60.0)"]
directconnect = ["mypy-boto3-directconnect (==1.14.60.0)"]
discovery = ["mypy-boto3-discovery (==1.14.60.0)"]
dlm = ["mypy-boto3-dlm (==1.14.60.0)"]
dms = ["mypy-boto3-dms (==1.14.60.0)"]
docdb = ["mypy-boto3-docdb (==1.14.60.0)"]
ds = ["mypy-boto3-ds (==1.14.60.0)"]
dynamodb = ["mypy-boto3-dynamodb (==1.14.60.0)"]
dynamodbstreams = ["mypy-boto3-dynamodbstreams (==1.14.60.0)"]
ebs = ["mypy-boto3-ebs (==1.14.60.0)"]
ec2 = ["mypy-boto3-ec2 (==1.14.60.0)"]
ec2-instance-connect = ["mypy-boto3-ec2-instance-connect (==1.14.60.0)"]
ecr = ["mypy-boto3-ecr (==1.14.60.0)"]
ecs = ["mypy-boto3-ecs (==1.14.60.0)"]
efs = ["mypy-boto3-efs (==1.14.60.0)"]
eks = ["mypy-boto3-eks (==1.14.60.0)"]
elastic-inference = ["mypy-boto3-elastic-inference (==1.14.60.0)"]
elasticache = ["mypy-boto3-elasticache (==1.14.60.0)"]
elasticbeanstalk = ["mypy-boto3-elasticbeanstalk (==1.14.60.0)"]
elastictranscoder = ["mypy-boto3-elastictranscoder (==1.14.60.0)"]
elb = ["mypy-boto3-elb (==1.14.60.0)"]
elbv2 = ["mypy-boto3-elbv2 (==1.14.60.0)"]
emr = ["mypy-boto3-emr (==1.14.60.0)"]
es = ["mypy-boto3-es (==1.14.60.0)"]
essential = ["mypy-boto3-cloudformation (==1.14.60.0)", "mypy-boto3-dynamodb (==1.14.60.0)", "mypy-boto3-ec2 (==1.14.60.0)", "mypy-boto3-lambda (==1.14.60.0)", "mypy-boto3-rds (==1.14.60.0)", "mypy-boto3-s3 (==1.14.60.0)", "mypy-boto3-sqs (==1.14.60.0)"]
events = ["mypy-boto3-events (==1.14.60.0)"]
firehose = ["mypy-boto3-firehose (==1.14.60.0)"]
fms = ["mypy-boto3-fms (==1.14.60.0)"]
forecast = ["mypy-boto3-forecast (==1.14.60.0)"]
forecastquery = ["mypy-boto3-forecastquery (==1.14.60.0)"]
frauddetector = ["mypy-boto3-frauddetector (==1.14.60.0)"]
fsx = ["mypy-boto3-fsx (==1.14.60.0)"]
gamelift = ["mypy-boto3-gamelift (==1.14.60.0)"]
glacier = ["mypy-boto3-glacier (==1.14.60.0)"]
globalaccelerator = ["mypy-boto3-globalaccelerator (==1.14.60.0)"]
glue = ["mypy-boto3-glue (==1.14.60.0)"]
greengrass = ["mypy-boto3-greengrass (==1.14.60.0)"]
groundstation = ["mypy-boto3-groundstation (==1.14.60.0)"]
guardduty = ["mypy-boto3-guardduty (==1.14.60.0)"]
health = ["mypy-boto3-health (==1.14.60.0)"]
honeycode = ["mypy-boto3-honeycode (==1.14.60.0)"]
iam = ["mypy-boto3-iam (==1.14.60.0)"]
identitystore = ["mypy-boto3-identitystore (==1.14.60.0)"]
imagebuilder = ["mypy-boto3-imagebuilder (==1.14.60.0)"]
importexport = ["mypy-boto3-importexport (==1.14.60.0)"]
inspector = ["mypy-boto3-inspector (==1.14.60.0)"]
iot = ["mypy-boto3-iot (==1.14.60.0)"]
iot-data = ["mypy-boto3-iot-data (==1.14.60.0)"]
iot-jobs-data = ["mypy-boto3-iot-jobs-data (==1.14.60.0)"]
iot1click-devices = ["mypy-boto3-iot1click-devices (==1.14.60.0)"]
iot1click-projects = ["mypy-boto3-iot1click-projects (==1.14.60.0)"]
iotanalytics = ["mypy-boto3-iotanalytics (==1.14.60.0)"]
iotevents = ["mypy-boto3-iotevents (==1.14.60.0)"]
iotevents-data = ["mypy-boto3-iotevents-data (==1.14.60.0)"]
iotsecuretunneling = ["mypy-boto3-iotsecuretunneling (==1.14.60.0)"]
iotsitewise = ["mypy-boto3-iotsitewise (==1.14.60.0)"]
iotthingsgraph = ["mypy-boto3-iotthingsgraph (==1.14.60.0)"]
ivs = ["mypy-boto3-ivs (==1.14.60.0)"]
kafka = ["mypy-boto3-kafka (==1.14.60.0)"]
kendra = ["mypy-boto3-kendra (==1.14.60.0)"]
kinesis = ["mypy-boto3-kinesis (==1.14.60.0)"]
kinesis-video-archived-media = ["mypy-boto3-kinesis-video-archived-media (==1.14.60.0)"]
kinesis-video-media = ["mypy-boto3-kinesis-video-media (==1.14.60.0)"]
kinesis-video-signaling = ["mypy-boto3-kinesis-video-signaling (==1.14.60.0)"]
kinesisanalytics = ["mypy-boto3-kinesisanalytics (==1.14.60.0)"]
kinesisanalyticsv2 = ["mypy-boto3-kinesisanalyticsv2 (==1.14.60.0)"]
kinesisvideo = ["mypy-boto3-kinesisvideo (==1.14.60.0)"]
kms = ["mypy-boto3-kms (==1.14.60.0)"]
lakeformation = ["mypy-boto3-lakeformation (==1.14.60.0)"]
lambda = ["mypy-boto3-lambda (==1.14.60.0)"]
lex-models = ["mypy-boto3-lex-models (==1.14.60.0)"]
lex-runtime = ["mypy-boto3-lex-runtime (==1.14.60.0)"]
license-manager = ["mypy-boto3-license-manager (==1.14.60.0)"]
lightsail = ["mypy-boto3-lightsail (==1.14.60.0)"]
logs = ["mypy-boto3-logs (==1.14.60.0)"]
machinelearning = ["mypy-boto3-machinelearning (==1.14.60.0)"]
macie = ["mypy-boto3-macie (==1.14.60.0)"]
macie2 = ["mypy-boto3-macie2 (==1.14.60.0)"]
managedblockchain = ["mypy-boto3-managedblockchain (==1.14.60.0)"]
marketplace-catalog = ["mypy-boto3-marketplace-catalog (==1.14.60.0)"]
marketplace-entitlement = ["mypy-boto3-marketplace-entitlement (==1.14.60.0)"]
marketplacecommerceanalytics = ["mypy-boto3-marketplacecommerceanalytics (==1.14.60.0)"]
mediaconnect = ["mypy-boto3-mediaconnect (==1.14.60.0)"]
mediaconvert = ["mypy-boto3-mediaconvert (==1.14.60.0)"]
medialive = ["mypy-boto3-medialive (==1.14.60.0)"]
mediapackage = ["mypy-boto3-mediapackage (==1.14.60.0)"]
mediapackage-vod = ["mypy-boto3-mediapackage-vod (==1.14.60.0)"]
mediastore = ["mypy-boto3-mediastore (==1.14.60.0)"]
mediastore-data = ["mypy-boto3-mediastore-data (==1.14.60.0)"]
mediatailor = ["mypy-boto3-mediatailor (==1.14.60.0)"]
meteringmarketplace = ["mypy-boto3-meteringmarketplace (==1.14.60.0)"]
mgh = ["mypy-boto3-mgh (==1.14.60.0)"]
migrationhub-config = ["mypy-boto3-migrationhub-config (==1.14.60.0)"]
mobile = ["mypy-boto3-mobile (==1.14.60.0)"]
mq = ["mypy-boto3-mq (==1.14.60.0)"]
mturk = ["mypy-boto3-mturk (==1.14.60.0)"]
neptune = ["mypy-boto3-neptune (==1.14.60.0)"]
networkmanager = ["mypy-boto3-networkmanager (==1.14.60.0)"]
opsworks = ["mypy-boto3-opsworks (==1.14.60.0)"]
opsworkscm = ["mypy-boto3-opsworkscm (==1.14.60.0)"]
organizations = ["mypy-boto3-organizations (==1.14.60.0)"]
outposts = ["mypy-boto3-outposts (==1.14.60.0)"]
personalize = ["mypy-boto3-personalize (==1.14.60.0)"]
personalize-events = ["mypy-boto3-personalize-events (==1.14.60.0)"]
personalize-runtime = ["mypy-boto3-personalize-runtime (==1.14.60.0)"]
pi = ["mypy-boto3-pi (==1.14.60.0)"]
pinpoint = ["mypy-boto3-pinpoint (==1.14.60.0)"]
pinpoint-email = ["mypy-boto3-pinpoint-email (==1.14.60.0)"]
pinpoint-sms-voice = ["mypy-boto3-pinpoint-sms-voice (==1.14.60.0)"]
polly = ["mypy-boto3-polly (==1.14.60.0)"]
pricing = ["mypy-boto3-pricing (==1.14.60.0)"]
qldb = ["mypy-boto3-qldb (==1.14.60.0)"]
qldb-session = ["mypy-boto3-qldb-session (==1.14.60.0)"]
quicksight = ["mypy-boto3-quicksight (==1.14.60.0)"]
ram = ["mypy-boto3-ram (==1.14.60.0)"]
rds = ["mypy-boto3-rds (==1.14.60.0)"]
rds-data = ["mypy-boto3-rds-data (==1.14.60.0)"]
redshift = ["mypy-boto3-redshift (==1.14.60.0)"]
redshift-data = ["mypy-boto3-redshift-data (==1.14.60.0)"]
rekognition = ["mypy-boto3-rekognition (==1.14.60.0)"]
resource-groups = ["mypy-boto3-resource-groups (==1.14.60.0)"]
resourcegroupstaggingapi = ["mypy-boto3-resourcegroupstaggingapi (==1.14.60.0)"]
robomaker = ["mypy-boto3-robomaker (==1.14.60.0)"]
route53 = ["mypy-boto3-route53 (==1.14.60.0)"]
route53domains = ["mypy-boto3-route53domains (==1.14.60.0)"]
route53resolver = ["mypy-boto3-route53resolver (==1.14.60.0)"]
s3 = ["mypy-boto3-s3 (==1.14.60.0)"]
s3control = ["mypy-boto3-s3control (==1.14.60.0)"]
sagemaker = ["mypy-boto3-sagemaker (==1.14.60.0)"]
sagemaker-a2i-runtime = ["mypy-boto3-sagemaker-a2i-runtime (==1.14.60.0)"]
sagemaker-runtime = ["mypy-boto3-sagemaker-runtime (==1.14.60.0)"]
savingsplans = ["mypy-boto3-savingsplans (==1.14.60.0)"]
schemas = ["mypy-boto3-schemas (==1.14.60.0)"]
sdb = ["mypy-boto3-sdb (==1.14.60.0)"]
secretsmanager = ["mypy-boto3-secretsmanager (==1.14.60.0)"]
securityhub = ["mypy-boto3-securityhub (==1.14.60.0)"]
serverlessrepo = ["mypy-boto3-serverlessrepo (==1.14.60.0)"]
service-quotas = ["mypy-boto3-service-quotas (==1.14.60.0)"]
servicecatalog = ["mypy-boto3-servicecatalog (==1.14.60.0)"]
servicediscovery = ["mypy-boto3-servicediscovery (==1.14.60.0)"]
ses = ["mypy-boto3-ses (==1.14.60.0)"]
sesv2 = ["mypy-boto3-sesv2 (==1.14.60.0)"]
shield = ["mypy-boto3-shield (==1.14.60.0)"]
signer = ["mypy-boto3-signer (==1.14.60.0)"]
sms = ["mypy-boto3-sms (==1.14.60.0)"]
sms-voice = ["mypy-boto3-sms-voice (==1.14.60.0)"]
snowball = ["mypy-boto3-snowball (==1.14.60.0)"]
sns = ["mypy-boto3-sns (==1.14.60.0)"]
sqs = ["mypy-boto3-sqs (==1.14.60.0)"]
ssm = ["mypy-boto3-ssm (==1.14.60.0)"]
sso = ["mypy-boto3-sso (==1.14.60.0)"]
sso-admin = ["mypy-boto3-sso-admin (==1.14.60.0)"]
sso-oidc = ["mypy-boto3-sso-oidc (==1.14.60.0)"]
stepfunctions = ["mypy-boto3-stepfunctions (==1.14.60.0)"]
storagegateway = ["mypy-boto3-storagegateway (==1.14.60.0)"]
sts = ["mypy-boto3-sts (==1.14.60.0)"]
support = ["mypy-boto3-support (==1.14.60.0)"]
swf = ["mypy-boto3-swf (==1.14.60.0)"]
synthetics = ["mypy-boto3-synthetics (==1.14.60.0)"]
textract = ["mypy-boto3-textract (==1.14.60.0)"]
transcribe = ["mypy-boto3-transcribe (==1.14.60.0)"]
transfer = ["mypy-boto3-transfer (==1.14.60.0)"]
translate = ["mypy-boto3-translate (==1.14.60.0)"]
waf = ["mypy-boto3-waf (==1.14.60.0)"]
waf-regional = ["mypy-boto3-waf-regional (==1.14.60.0)"]
wafv2 = ["mypy-boto3-wafv2 (==1.14.60.0)"]
workdocs = ["mypy-boto3-workdocs (==1.14.60.0)"]
worklink = ["mypy-boto3-worklink (==1.14.60.0)"]
workmail = ["mypy-boto3-workmail (==1.14.60.0)"]
workmailmessageflow = ["mypy-boto3-workmailmessageflow (==1.14.60.0)"]
workspaces = ["mypy-boto3-workspaces (==1.14.60.0)"]
xray = ["mypy-boto3-xray (==1.14.60.0)"]

[[package]]
name = "botocore"
version = "1.14.7"
description = "Low-level, data-driven core of boto 3."
category = "main"
optional = false
python-versions = "*"

[package.dependencies]
docutils = ">=0.10,<0.16"
jmespath = ">=0.7.1,<1.0.0"
python-dateutil = ">=2.1,<3.0.0"
urllib3 = ">=1.20,<1.26"

[[package]]
name = "certifi"
version = "2021.10.8"
description = "Python package for providing Mozilla's CA Bundle."
category = "main"
optional = false
python-versions = "*"

[[package]]
name = "click"
version = "8.0.3"
description = "Composable command line interface toolkit"
category = "main"
optional = false
python-versions = ">=3.6"

[package.dependencies]
colorama = {version = "*", markers = "platform_system == \"Windows\""}

[[package]]
name = "colorama"
version = "0.4.4"
description = "Cross-platform colored terminal text."
category = "main"
optional = false
python-versions = ">=2.7, !=3.0.*, !=3.1.*, !=3.2.*, !=3.3.*, !=3.4.*"

[[package]]
name = "coverage"
version = "6.2"
description = "Code coverage measurement for Python"
category = "dev"
optional = false
python-versions = ">=3.6"

[package.dependencies]
tomli = {version = "*", optional = true, markers = "extra == \"toml\""}

[package.extras]
toml = ["tomli"]

[[package]]
name = "datadog-api-client"
version = "1.7.0"
description = "Collection of all Datadog Public endpoints"
category = "main"
optional = false
python-versions = ">=3.6"

[package.dependencies]
certifi = "*"
python-dateutil = "*"
six = ">=1.10"
urllib3 = ">=1.15"

[package.extras]
apm = ["ddtrace"]
tests = ["glom", "flexmock (>=0.10.4)", "freezegun", "jinja2", "pytest", "pytest-bdd (>=4.0.1)", "pytest-randomly", "pytest-recording", "python-dateutil"]

[[package]]
name = "docutils"
version = "0.15.2"
description = "Docutils -- Python Documentation Utilities"
category = "main"
optional = false
python-versions = ">=2.6, !=3.0.*, !=3.1.*, !=3.2.*"

[[package]]
name = "iniconfig"
version = "1.1.1"
description = "iniconfig: brain-dead simple config-ini parsing"
category = "dev"
optional = false
python-versions = "*"

[[package]]
name = "jmespath"
version = "0.9.4"
description = "JSON Matching Expressions"
category = "main"
optional = false
python-versions = "*"

[[package]]
name = "mypy-boto3-iam"
version = "1.14.60.0"
description = "Type annotations for boto3.IAM 1.14.60 service, generated by mypy-boto3-buider 3.1.0"
category = "main"
optional = false
python-versions = ">=3.6"

[[package]]
name = "mypy-boto3-organizations"
version = "1.14.60.0"
description = "Type annotations for boto3.Organizations 1.14.60 service, generated by mypy-boto3-buider 3.1.0"
category = "main"
optional = false
python-versions = ">=3.6"

[[package]]
name = "mypy-extensions"
version = "0.4.3"
description = "Experimental type system extensions for programs checked with the mypy typechecker."
category = "dev"
optional = false
python-versions = "*"

[[package]]
name = "packaging"
version = "21.3"
description = "Core utilities for Python packages"
category = "dev"
optional = false
python-versions = ">=3.6"

[package.dependencies]
pyparsing = ">=2.0.2,<3.0.5 || >3.0.5"

[[package]]
name = "pastel"
version = "0.2.1"
description = "Bring colors to your terminal."
category = "dev"
optional = false
python-versions = ">=2.7, !=3.0.*, !=3.1.*, !=3.2.*, !=3.3.*"

[[package]]
name = "pathspec"
version = "0.9.0"
description = "Utility library for gitignore style pattern matching of file paths."
category = "dev"
optional = false
python-versions = "!=3.0.*,!=3.1.*,!=3.2.*,!=3.3.*,!=3.4.*,>=2.7"

[[package]]
name = "platformdirs"
version = "2.4.0"
description = "A small Python module for determining appropriate platform-specific dirs, e.g. a \"user data dir\"."
category = "dev"
optional = false
python-versions = ">=3.6"

[package.extras]
docs = ["Sphinx (>=4)", "furo (>=2021.7.5b38)", "proselint (>=0.10.2)", "sphinx-autodoc-typehints (>=1.12)"]
test = ["appdirs (==1.4.4)", "pytest (>=6)", "pytest-cov (>=2.7)", "pytest-mock (>=3.6)"]

[[package]]
name = "pluggy"
version = "1.0.0"
description = "plugin and hook calling mechanisms for python"
category = "dev"
optional = false
python-versions = ">=3.6"

[package.extras]
dev = ["pre-commit", "tox"]
testing = ["pytest", "pytest-benchmark"]

[[package]]
name = "poethepoet"
version = "0.11.0"
description = "A task runner that works well with poetry."
category = "dev"
optional = false
python-versions = ">=3.6.2,<4.0.0"

[package.dependencies]
pastel = ">=0.2.1,<0.3.0"
tomli = ">=1.2.2,<2.0.0"

[[package]]
name = "py"
version = "1.11.0"
description = "library with cross-python path, ini-parsing, io, code, log facilities"
category = "dev"
optional = false
python-versions = ">=2.7, !=3.0.*, !=3.1.*, !=3.2.*, !=3.3.*, !=3.4.*"

[[package]]
name = "pyparsing"
version = "3.0.6"
description = "Python parsing module"
category = "dev"
optional = false
python-versions = ">=3.6"

[package.extras]
diagrams = ["jinja2", "railroad-diagrams"]

[[package]]
name = "pytest"
version = "6.2.5"
description = "pytest: simple powerful testing with Python"
category = "dev"
optional = false
python-versions = ">=3.6"

[package.dependencies]
atomicwrites = {version = ">=1.0", markers = "sys_platform == \"win32\""}
attrs = ">=19.2.0"
colorama = {version = "*", markers = "sys_platform == \"win32\""}
iniconfig = "*"
packaging = "*"
pluggy = ">=0.12,<2.0"
py = ">=1.8.2"
toml = "*"

[package.extras]
testing = ["argcomplete", "hypothesis (>=3.56)", "mock", "nose", "requests", "xmlschema"]

[[package]]
name = "pytest-cov"
version = "3.0.0"
description = "Pytest plugin for measuring coverage."
category = "dev"
optional = false
python-versions = ">=3.6"

[package.dependencies]
coverage = {version = ">=5.2.1", extras = ["toml"]}
pytest = ">=4.6"

[package.extras]
testing = ["fields", "hunter", "process-tests", "six", "pytest-xdist", "virtualenv"]

[[package]]
name = "python-dateutil"
version = "2.8.1"
description = "Extensions to the standard Python datetime module"
category = "main"
optional = false
python-versions = "!=3.0.*,!=3.1.*,!=3.2.*,>=2.7"

[package.dependencies]
six = ">=1.5"

[[package]]
name = "s3transfer"
version = "0.3.1"
description = "An Amazon S3 Transfer Manager"
category = "main"
optional = false
python-versions = "*"

[package.dependencies]
botocore = ">=1.12.36,<2.0.0"

[[package]]
name = "six"
version = "1.14.0"
description = "Python 2 and 3 compatibility utilities"
category = "main"
optional = false
python-versions = ">=2.7, !=3.0.*, !=3.1.*, !=3.2.*"

[[package]]
name = "toml"
version = "0.10.2"
description = "Python Library for Tom's Obvious, Minimal Language"
category = "dev"
optional = false
python-versions = ">=2.6, !=3.0.*, !=3.1.*, !=3.2.*"

[[package]]
name = "tomli"
version = "1.2.3"
description = "A lil' TOML parser"
category = "dev"
optional = false
python-versions = ">=3.6"

[[package]]
name = "typing-extensions"
version = "4.0.1"
description = "Backported and Experimental Type Hints for Python 3.6+"
category = "dev"
optional = false
python-versions = ">=3.6"

[[package]]
name = "urllib3"
version = "1.25.8"
description = "HTTP library with thread-safe connection pooling, file post, and more."
category = "main"
optional = false
python-versions = ">=2.7, !=3.0.*, !=3.1.*, !=3.2.*, !=3.3.*, !=3.4.*, <4"

[package.extras]
brotli = ["brotlipy (>=0.6.0)"]
secure = ["pyOpenSSL (>=0.14)", "cryptography (>=1.3.4)", "idna (>=2.0.0)", "certifi", "ipaddress"]
socks = ["PySocks (>=1.5.6,!=1.5.7,<2.0)"]

[metadata]
lock-version = "1.1"
python-versions = "^3.8"
content-hash = "264126ef256a9872b10d361a73614b7a85cc8bfbb219ae880cd1acd3a0e6c1d9"

[metadata.files]
atomicwrites = [
    {file = "atomicwrites-1.4.0-py2.py3-none-any.whl", hash = "sha256:6d1784dea7c0c8d4a5172b6c620f40b6e4cbfdf96d783691f2e1302a7b88e197"},
    {file = "atomicwrites-1.4.0.tar.gz", hash = "sha256:ae70396ad1a434f9c7046fd2dd196fc04b12f9e91ffb859164193be8b6168a7a"},
]
attrs = [
    {file = "attrs-21.2.0-py2.py3-none-any.whl", hash = "sha256:149e90d6d8ac20db7a955ad60cf0e6881a3f20d37096140088356da6c716b0b1"},
    {file = "attrs-21.2.0.tar.gz", hash = "sha256:ef6aaac3ca6cd92904cdd0d83f629a15f18053ec84e6432106f7a4d04ae4f5fb"},
]
black = [
    {file = "black-21.12b0-py3-none-any.whl", hash = "sha256:a615e69ae185e08fdd73e4715e260e2479c861b5740057fde6e8b4e3b7dd589f"},
    {file = "black-21.12b0.tar.gz", hash = "sha256:77b80f693a569e2e527958459634f18df9b0ba2625ba4e0c2d5da5be42e6f2b3"},
]
boto3 = [
    {file = "boto3-1.11.7-py2.py3-none-any.whl", hash = "sha256:bd3337cfc15613b0091fa567dc3065d94df88e5837ba1adbb1e35b91db728a66"},
    {file = "boto3-1.11.7.tar.gz", hash = "sha256:5222edc5b20d5c6ab7440fc4f89f987ead05be37ff5cc5359a3b9148d9b5a51e"},
]
boto3-stubs = [
    {file = "boto3-stubs-1.14.60.0.tar.gz", hash = "sha256:e43130e2c5aaa5de1fe9d048e045e5dc1f4a18e658d7cc97e11018f0d617df72"},
    {file = "boto3_stubs-1.14.60.0-py3-none-any.whl", hash = "sha256:b12ba0f4ec62cd5079570a86b36e97434dedd997ad1ed7c471be38c7452e7bff"},
]
botocore = [
    {file = "botocore-1.14.7-py2.py3-none-any.whl", hash = "sha256:e4b82b1a7389f3d16732eb839240c9d3e42470100d5a71415ea2a0a35b911b23"},
    {file = "botocore-1.14.7.tar.gz", hash = "sha256:9a17d36ee43f1398c7db3cb29aa2216de94bcb60f058b1c645d71e72a330ddf8"},
]
certifi = [
    {file = "certifi-2021.10.8-py2.py3-none-any.whl", hash = "sha256:d62a0163eb4c2344ac042ab2bdf75399a71a2d8c7d47eac2e2ee91b9d6339569"},
    {file = "certifi-2021.10.8.tar.gz", hash = "sha256:78884e7c1d4b00ce3cea67b44566851c4343c120abd683433ce934a68ea58872"},
]
click = [
    {file = "click-8.0.3-py3-none-any.whl", hash = "sha256:353f466495adaeb40b6b5f592f9f91cb22372351c84caeb068132442a4518ef3"},
    {file = "click-8.0.3.tar.gz", hash = "sha256:410e932b050f5eed773c4cda94de75971c89cdb3155a72a0831139a79e5ecb5b"},
]
colorama = [
    {file = "colorama-0.4.4-py2.py3-none-any.whl", hash = "sha256:9f47eda37229f68eee03b24b9748937c7dc3868f906e8ba69fbcbdd3bc5dc3e2"},
    {file = "colorama-0.4.4.tar.gz", hash = "sha256:5941b2b48a20143d2267e95b1c2a7603ce057ee39fd88e7329b0c292aa16869b"},
]
coverage = [
    {file = "coverage-6.2-cp310-cp310-macosx_10_9_x86_64.whl", hash = "sha256:6dbc1536e105adda7a6312c778f15aaabe583b0e9a0b0a324990334fd458c94b"},
    {file = "coverage-6.2-cp310-cp310-manylinux_2_17_aarch64.manylinux2014_aarch64.whl", hash = "sha256:174cf9b4bef0db2e8244f82059a5a72bd47e1d40e71c68ab055425172b16b7d0"},
    {file = "coverage-6.2-cp310-cp310-manylinux_2_5_i686.manylinux1_i686.manylinux_2_12_i686.manylinux2010_i686.whl", hash = "sha256:92b8c845527eae547a2a6617d336adc56394050c3ed8a6918683646328fbb6da"},
    {file = "coverage-6.2-cp310-cp310-manylinux_2_5_x86_64.manylinux1_x86_64.manylinux_2_12_x86_64.manylinux2010_x86_64.whl", hash = "sha256:c7912d1526299cb04c88288e148c6c87c0df600eca76efd99d84396cfe00ef1d"},
    {file = "coverage-6.2-cp310-cp310-musllinux_1_1_aarch64.whl", hash = "sha256:d5d2033d5db1d58ae2d62f095e1aefb6988af65b4b12cb8987af409587cc0739"},
    {file = "coverage-6.2-cp310-cp310-musllinux_1_1_i686.whl", hash = "sha256:3feac4084291642165c3a0d9eaebedf19ffa505016c4d3db15bfe235718d4971"},
    {file = "coverage-6.2-cp310-cp310-musllinux_1_1_x86_64.whl", hash = "sha256:276651978c94a8c5672ea60a2656e95a3cce2a3f31e9fb2d5ebd4c215d095840"},
    {file = "coverage-6.2-cp310-cp310-win32.whl", hash = "sha256:f506af4f27def639ba45789fa6fde45f9a217da0be05f8910458e4557eed020c"},
    {file = "coverage-6.2-cp310-cp310-win_amd64.whl", hash = "sha256:3f7c17209eef285c86f819ff04a6d4cbee9b33ef05cbcaae4c0b4e8e06b3ec8f"},
    {file = "coverage-6.2-cp311-cp311-macosx_10_14_x86_64.whl", hash = "sha256:13362889b2d46e8d9f97c421539c97c963e34031ab0cb89e8ca83a10cc71ac76"},
    {file = "coverage-6.2-cp311-cp311-manylinux_2_5_x86_64.manylinux1_x86_64.whl", hash = "sha256:22e60a3ca5acba37d1d4a2ee66e051f5b0e1b9ac950b5b0cf4aa5366eda41d47"},
    {file = "coverage-6.2-cp311-cp311-win_amd64.whl", hash = "sha256:b637c57fdb8be84e91fac60d9325a66a5981f8086c954ea2772efe28425eaf64"},
    {file = "coverage-6.2-cp36-cp36m-macosx_10_9_x86_64.whl", hash = "sha256:f467bbb837691ab5a8ca359199d3429a11a01e6dfb3d9dcc676dc035ca93c0a9"},
    {file = "coverage-6.2-cp36-cp36m-manylinux_2_17_aarch64.manylinux2014_aarch64.whl", hash = "sha256:2641f803ee9f95b1f387f3e8f3bf28d83d9b69a39e9911e5bfee832bea75240d"},
    {file = "coverage-6.2-cp36-cp36m-manylinux_2_5_i686.manylinux1_i686.manylinux_2_12_i686.manylinux2010_i686.whl", hash = "sha256:1219d760ccfafc03c0822ae2e06e3b1248a8e6d1a70928966bafc6838d3c9e48"},
    {file = "coverage-6.2-cp36-cp36m-manylinux_2_5_x86_64.manylinux1_x86_64.manylinux_2_12_x86_64.manylinux2010_x86_64.whl", hash = "sha256:9a2b5b52be0a8626fcbffd7e689781bf8c2ac01613e77feda93d96184949a98e"},
    {file = "coverage-6.2-cp36-cp36m-musllinux_1_1_aarch64.whl", hash = "sha256:8e2c35a4c1f269704e90888e56f794e2d9c0262fb0c1b1c8c4ee44d9b9e77b5d"},
    {file = "coverage-6.2-cp36-cp36m-musllinux_1_1_i686.whl", hash = "sha256:5d6b09c972ce9200264c35a1d53d43ca55ef61836d9ec60f0d44273a31aa9f17"},
    {file = "coverage-6.2-cp36-cp36m-musllinux_1_1_x86_64.whl", hash = "sha256:e3db840a4dee542e37e09f30859f1612da90e1c5239a6a2498c473183a50e781"},
    {file = "coverage-6.2-cp36-cp36m-win32.whl", hash = "sha256:4e547122ca2d244f7c090fe3f4b5a5861255ff66b7ab6d98f44a0222aaf8671a"},
    {file = "coverage-6.2-cp36-cp36m-win_amd64.whl", hash = "sha256:01774a2c2c729619760320270e42cd9e797427ecfddd32c2a7b639cdc481f3c0"},
    {file = "coverage-6.2-cp37-cp37m-macosx_10_9_x86_64.whl", hash = "sha256:fb8b8ee99b3fffe4fd86f4c81b35a6bf7e4462cba019997af2fe679365db0c49"},
    {file = "coverage-6.2-cp37-cp37m-manylinux_2_17_aarch64.manylinux2014_aarch64.whl", hash = "sha256:619346d57c7126ae49ac95b11b0dc8e36c1dd49d148477461bb66c8cf13bb521"},
    {file = "coverage-6.2-cp37-cp37m-manylinux_2_5_i686.manylinux1_i686.manylinux_2_12_i686.manylinux2010_i686.whl", hash = "sha256:0a7726f74ff63f41e95ed3a89fef002916c828bb5fcae83b505b49d81a066884"},
    {file = "coverage-6.2-cp37-cp37m-manylinux_2_5_x86_64.manylinux1_x86_64.manylinux_2_12_x86_64.manylinux2010_x86_64.whl", hash = "sha256:cfd9386c1d6f13b37e05a91a8583e802f8059bebfccde61a418c5808dea6bbfa"},
    {file = "coverage-6.2-cp37-cp37m-musllinux_1_1_aarch64.whl", hash = "sha256:17e6c11038d4ed6e8af1407d9e89a2904d573be29d51515f14262d7f10ef0a64"},
    {file = "coverage-6.2-cp37-cp37m-musllinux_1_1_i686.whl", hash = "sha256:c254b03032d5a06de049ce8bca8338a5185f07fb76600afff3c161e053d88617"},
    {file = "coverage-6.2-cp37-cp37m-musllinux_1_1_x86_64.whl", hash = "sha256:dca38a21e4423f3edb821292e97cec7ad38086f84313462098568baedf4331f8"},
    {file = "coverage-6.2-cp37-cp37m-win32.whl", hash = "sha256:600617008aa82032ddeace2535626d1bc212dfff32b43989539deda63b3f36e4"},
    {file = "coverage-6.2-cp37-cp37m-win_amd64.whl", hash = "sha256:bf154ba7ee2fd613eb541c2bc03d3d9ac667080a737449d1a3fb342740eb1a74"},
    {file = "coverage-6.2-cp38-cp38-macosx_10_9_x86_64.whl", hash = "sha256:f9afb5b746781fc2abce26193d1c817b7eb0e11459510fba65d2bd77fe161d9e"},
    {file = "coverage-6.2-cp38-cp38-manylinux_2_17_aarch64.manylinux2014_aarch64.whl", hash = "sha256:edcada2e24ed68f019175c2b2af2a8b481d3d084798b8c20d15d34f5c733fa58"},
    {file = "coverage-6.2-cp38-cp38-manylinux_2_5_i686.manylinux1_i686.manylinux_2_12_i686.manylinux2010_i686.whl", hash = "sha256:a9c8c4283e17690ff1a7427123ffb428ad6a52ed720d550e299e8291e33184dc"},
    {file = "coverage-6.2-cp38-cp38-manylinux_2_5_x86_64.manylinux1_x86_64.manylinux_2_12_x86_64.manylinux2010_x86_64.whl", hash = "sha256:f614fc9956d76d8a88a88bb41ddc12709caa755666f580af3a688899721efecd"},
    {file = "coverage-6.2-cp38-cp38-musllinux_1_1_aarch64.whl", hash = "sha256:9365ed5cce5d0cf2c10afc6add145c5037d3148585b8ae0e77cc1efdd6aa2953"},
    {file = "coverage-6.2-cp38-cp38-musllinux_1_1_i686.whl", hash = "sha256:8bdfe9ff3a4ea37d17f172ac0dff1e1c383aec17a636b9b35906babc9f0f5475"},
    {file = "coverage-6.2-cp38-cp38-musllinux_1_1_x86_64.whl", hash = "sha256:63c424e6f5b4ab1cf1e23a43b12f542b0ec2e54f99ec9f11b75382152981df57"},
    {file = "coverage-6.2-cp38-cp38-win32.whl", hash = "sha256:49dbff64961bc9bdd2289a2bda6a3a5a331964ba5497f694e2cbd540d656dc1c"},
    {file = "coverage-6.2-cp38-cp38-win_amd64.whl", hash = "sha256:9a29311bd6429be317c1f3fe4bc06c4c5ee45e2fa61b2a19d4d1d6111cb94af2"},
    {file = "coverage-6.2-cp39-cp39-macosx_10_9_x86_64.whl", hash = "sha256:03b20e52b7d31be571c9c06b74746746d4eb82fc260e594dc662ed48145e9efd"},
    {file = "coverage-6.2-cp39-cp39-manylinux_2_17_aarch64.manylinux2014_aarch64.whl", hash = "sha256:215f8afcc02a24c2d9a10d3790b21054b58d71f4b3c6f055d4bb1b15cecce685"},
    {file = "coverage-6.2-cp39-cp39-manylinux_2_5_i686.manylinux1_i686.manylinux_2_12_i686.manylinux2010_i686.whl", hash = "sha256:a4bdeb0a52d1d04123b41d90a4390b096f3ef38eee35e11f0b22c2d031222c6c"},
    {file = "coverage-6.2-cp39-cp39-manylinux_2_5_x86_64.manylinux1_x86_64.manylinux_2_12_x86_64.manylinux2010_x86_64.whl", hash = "sha256:c332d8f8d448ded473b97fefe4a0983265af21917d8b0cdcb8bb06b2afe632c3"},
    {file = "coverage-6.2-cp39-cp39-win32.whl", hash = "sha256:6e1394d24d5938e561fbeaa0cd3d356207579c28bd1792f25a068743f2d5b282"},
    {file = "coverage-6.2-cp39-cp39-win_amd64.whl", hash = "sha256:86f2e78b1eff847609b1ca8050c9e1fa3bd44ce755b2ec30e70f2d3ba3844644"},
    {file = "coverage-6.2-pp36.pp37.pp38-none-any.whl", hash = "sha256:5829192582c0ec8ca4a2532407bc14c2f338d9878a10442f5d03804a95fac9de"},
    {file = "coverage-6.2.tar.gz", hash = "sha256:e2cad8093172b7d1595b4ad66f24270808658e11acf43a8f95b41276162eb5b8"},
]
datadog-api-client = [
    {file = "datadog_api_client-1.7.0-py2.py3-none-any.whl", hash = "sha256:f874dab0d4d182132122cfcc70c549b5314817913a80ba0d80a837952327dd9d"},
]
docutils = [
    {file = "docutils-0.15.2-py2-none-any.whl", hash = "sha256:9e4d7ecfc600058e07ba661411a2b7de2fd0fafa17d1a7f7361cd47b1175c827"},
    {file = "docutils-0.15.2-py3-none-any.whl", hash = "sha256:6c4f696463b79f1fb8ba0c594b63840ebd41f059e92b31957c46b74a4599b6d0"},
    {file = "docutils-0.15.2.tar.gz", hash = "sha256:a2aeea129088da402665e92e0b25b04b073c04b2dce4ab65caaa38b7ce2e1a99"},
]
iniconfig = [
    {file = "iniconfig-1.1.1-py2.py3-none-any.whl", hash = "sha256:011e24c64b7f47f6ebd835bb12a743f2fbe9a26d4cecaa7f53bc4f35ee9da8b3"},
    {file = "iniconfig-1.1.1.tar.gz", hash = "sha256:bc3af051d7d14b2ee5ef9969666def0cd1a000e121eaea580d4a313df4b37f32"},
]
jmespath = [
    {file = "jmespath-0.9.4-py2.py3-none-any.whl", hash = "sha256:3720a4b1bd659dd2eecad0666459b9788813e032b83e7ba58578e48254e0a0e6"},
    {file = "jmespath-0.9.4.tar.gz", hash = "sha256:bde2aef6f44302dfb30320115b17d030798de8c4110e28d5cf6cf91a7a31074c"},
]
mypy-boto3-iam = [
    {file = "mypy-boto3-iam-1.14.60.0.tar.gz", hash = "sha256:b000bac706d7d6f6f6d6c9359c3cd86ad51dd6215cf34d6eb0545d0edd9ab2c5"},
    {file = "mypy_boto3_iam-1.14.60.0-py3-none-any.whl", hash = "sha256:8594d2f3ad5bac4af150353f01f215c3d26a19c4e297af960f0a80c735f0993e"},
]
mypy-boto3-organizations = [
    {file = "mypy-boto3-organizations-1.14.60.0.tar.gz", hash = "sha256:a62947c05aa63d4e261fe236244c7c645f62b796b1aaa9fa23e46708592dfb14"},
    {file = "mypy_boto3_organizations-1.14.60.0-py3-none-any.whl", hash = "sha256:3c378c435f909aa510d0d7d96ed1f78797ccc5d2f404d5504c6bb19334e3748c"},
]
mypy-extensions = [
    {file = "mypy_extensions-0.4.3-py2.py3-none-any.whl", hash = "sha256:090fedd75945a69ae91ce1303b5824f428daf5a028d2f6ab8a299250a846f15d"},
    {file = "mypy_extensions-0.4.3.tar.gz", hash = "sha256:2d82818f5bb3e369420cb3c4060a7970edba416647068eb4c5343488a6c604a8"},
]
packaging = [
    {file = "packaging-21.3-py3-none-any.whl", hash = "sha256:ef103e05f519cdc783ae24ea4e2e0f508a9c99b2d4969652eed6a2e1ea5bd522"},
    {file = "packaging-21.3.tar.gz", hash = "sha256:dd47c42927d89ab911e606518907cc2d3a1f38bbd026385970643f9c5b8ecfeb"},
]
pastel = [
    {file = "pastel-0.2.1-py2.py3-none-any.whl", hash = "sha256:4349225fcdf6c2bb34d483e523475de5bb04a5c10ef711263452cb37d7dd4364"},
    {file = "pastel-0.2.1.tar.gz", hash = "sha256:e6581ac04e973cac858828c6202c1e1e81fee1dc7de7683f3e1ffe0bfd8a573d"},
]
pathspec = [
    {file = "pathspec-0.9.0-py2.py3-none-any.whl", hash = "sha256:7d15c4ddb0b5c802d161efc417ec1a2558ea2653c2e8ad9c19098201dc1c993a"},
    {file = "pathspec-0.9.0.tar.gz", hash = "sha256:e564499435a2673d586f6b2130bb5b95f04a3ba06f81b8f895b651a3c76aabb1"},
]
platformdirs = [
    {file = "platformdirs-2.4.0-py3-none-any.whl", hash = "sha256:8868bbe3c3c80d42f20156f22e7131d2fb321f5bc86a2a345375c6481a67021d"},
    {file = "platformdirs-2.4.0.tar.gz", hash = "sha256:367a5e80b3d04d2428ffa76d33f124cf11e8fff2acdaa9b43d545f5c7d661ef2"},
]
pluggy = [
    {file = "pluggy-1.0.0-py2.py3-none-any.whl", hash = "sha256:74134bbf457f031a36d68416e1509f34bd5ccc019f0bcc952c7b909d06b37bd3"},
    {file = "pluggy-1.0.0.tar.gz", hash = "sha256:4224373bacce55f955a878bf9cfa763c1e360858e330072059e10bad68531159"},
]
poethepoet = [
    {file = "poethepoet-0.11.0-py3-none-any.whl", hash = "sha256:4aac200f52e0faa309a655c064f2a522d9d18b64f717de9805151421166ba4d8"},
    {file = "poethepoet-0.11.0.tar.gz", hash = "sha256:a0618e198600db801588bae627982682f8bd5304a49a75c6dbc430feade5a8a9"},
]
py = [
    {file = "py-1.11.0-py2.py3-none-any.whl", hash = "sha256:607c53218732647dff4acdfcd50cb62615cedf612e72d1724fb1a0cc6405b378"},
    {file = "py-1.11.0.tar.gz", hash = "sha256:51c75c4126074b472f746a24399ad32f6053d1b34b68d2fa41e558e6f4a98719"},
]
pyparsing = [
    {file = "pyparsing-3.0.6-py3-none-any.whl", hash = "sha256:04ff808a5b90911829c55c4e26f75fa5ca8a2f5f36aa3a51f68e27033341d3e4"},
    {file = "pyparsing-3.0.6.tar.gz", hash = "sha256:d9bdec0013ef1eb5a84ab39a3b3868911598afa494f5faa038647101504e2b81"},
]
pytest = [
    {file = "pytest-6.2.5-py3-none-any.whl", hash = "sha256:7310f8d27bc79ced999e760ca304d69f6ba6c6649c0b60fb0e04a4a77cacc134"},
    {file = "pytest-6.2.5.tar.gz", hash = "sha256:131b36680866a76e6781d13f101efb86cf674ebb9762eb70d3082b6f29889e89"},
]
pytest-cov = [
    {file = "pytest-cov-3.0.0.tar.gz", hash = "sha256:e7f0f5b1617d2210a2cabc266dfe2f4c75a8d32fb89eafb7ad9d06f6d076d470"},
    {file = "pytest_cov-3.0.0-py3-none-any.whl", hash = "sha256:578d5d15ac4a25e5f961c938b85a05b09fdaae9deef3bb6de9a6e766622ca7a6"},
]
python-dateutil = [
    {file = "python-dateutil-2.8.1.tar.gz", hash = "sha256:73ebfe9dbf22e832286dafa60473e4cd239f8592f699aa5adaf10050e6e1823c"},
    {file = "python_dateutil-2.8.1-py2.py3-none-any.whl", hash = "sha256:75bb3f31ea686f1197762692a9ee6a7550b59fc6ca3a1f4b5d7e32fb98e2da2a"},
]
s3transfer = [
    {file = "s3transfer-0.3.1-py2.py3-none-any.whl", hash = "sha256:80ed96731b3bd77395cd6197246069092015e1124164b2c152c8f741a823dd04"},
    {file = "s3transfer-0.3.1.tar.gz", hash = "sha256:248dffd2de2dfb870c507b412fc22ed37cd3255293e293c395158e7c55fbe5f9"},
]
six = [
    {file = "six-1.14.0-py2.py3-none-any.whl", hash = "sha256:8f3cd2e254d8f793e7f3d6d9df77b92252b52637291d0f0da013c76ea2724b6c"},
    {file = "six-1.14.0.tar.gz", hash = "sha256:236bdbdce46e6e6a3d61a337c0f8b763ca1e8717c03b369e87a7ec7ce1319c0a"},
]
toml = [
    {file = "toml-0.10.2-py2.py3-none-any.whl", hash = "sha256:806143ae5bfb6a3c6e736a764057db0e6a0e05e338b5630894a5f779cabb4f9b"},
    {file = "toml-0.10.2.tar.gz", hash = "sha256:b3bda1d108d5dd99f4a20d24d9c348e91c4db7ab1b749200bded2f839ccbe68f"},
]
tomli = [
    {file = "tomli-1.2.3-py3-none-any.whl", hash = "sha256:e3069e4be3ead9668e21cb9b074cd948f7b3113fd9c8bba083f48247aab8b11c"},
    {file = "tomli-1.2.3.tar.gz", hash = "sha256:05b6166bff487dc068d322585c7ea4ef78deed501cc124060e0f238e89a9231f"},
]
typing-extensions = [
    {file = "typing_extensions-4.0.1-py3-none-any.whl", hash = "sha256:7f001e5ac290a0c0401508864c7ec868be4e701886d5b573a9528ed3973d9d3b"},
    {file = "typing_extensions-4.0.1.tar.gz", hash = "sha256:4ca091dea149f945ec56afb48dae714f21e8692ef22a395223bcd328961b6a0e"},
]
urllib3 = [
    {file = "urllib3-1.25.8-py2.py3-none-any.whl", hash = "sha256:2f3db8b19923a873b3e5256dc9c2dedfa883e33d87c690d9c7913e1f40673cdc"},
    {file = "urllib3-1.25.8.tar.gz", hash = "sha256:87716c2d2a7121198ebcb7ce7cccf6ce5e9ba539041cfbaeecfb641dc0bf6acc"},
]
